// !$*UTF8*$!
{
	archiveVersion = 1;
	classes = {
	};
	objectVersion = 46;
	objects = {

/* Begin PBXBuildFile section */
		5B2951D915D40D0D0076E6CD /* ItemCell.m in Sources */ = {isa = PBXBuildFile; fileRef = 5B2951D815D40D0D0076E6CD /* ItemCell.m */; };
		5B2951E015D412F00076E6CD /* ItemTableView.m in Sources */ = {isa = PBXBuildFile; fileRef = 5B2951DF15D412F00076E6CD /* ItemTableView.m */; };
		5B2951E315D41E120076E6CD /* OrderCell.m in Sources */ = {isa = PBXBuildFile; fileRef = 5B2951E215D41E120076E6CD /* OrderCell.m */; };
		5B326DA415D2ADF200F5A6FC /* UIKit.framework in Frameworks */ = {isa = PBXBuildFile; fileRef = 5B326DA315D2ADF200F5A6FC /* UIKit.framework */; };
		5B326DA615D2ADF200F5A6FC /* Foundation.framework in Frameworks */ = {isa = PBXBuildFile; fileRef = 5B326DA515D2ADF200F5A6FC /* Foundation.framework */; };
		5B326DA815D2ADF200F5A6FC /* CoreGraphics.framework in Frameworks */ = {isa = PBXBuildFile; fileRef = 5B326DA715D2ADF200F5A6FC /* CoreGraphics.framework */; };
		5B326DAE15D2ADF200F5A6FC /* InfoPlist.strings in Resources */ = {isa = PBXBuildFile; fileRef = 5B326DAC15D2ADF200F5A6FC /* InfoPlist.strings */; };
		5B326DB015D2ADF200F5A6FC /* main.m in Sources */ = {isa = PBXBuildFile; fileRef = 5B326DAF15D2ADF200F5A6FC /* main.m */; };
		5B326DB415D2ADF200F5A6FC /* AppDelegate.m in Sources */ = {isa = PBXBuildFile; fileRef = 5B326DB315D2ADF200F5A6FC /* AppDelegate.m */; };
		5B326DB715D2ADF200F5A6FC /* MainStoryboard.storyboard in Resources */ = {isa = PBXBuildFile; fileRef = 5B326DB515D2ADF200F5A6FC /* MainStoryboard.storyboard */; };
		5B326DBA15D2ADF200F5A6FC /* ViewController.m in Sources */ = {isa = PBXBuildFile; fileRef = 5B326DB915D2ADF200F5A6FC /* ViewController.m */; };
		5B326DCA15D2B1DE00F5A6FC /* GuestTable.m in Sources */ = {isa = PBXBuildFile; fileRef = 5B326DC915D2B1DE00F5A6FC /* GuestTable.m */; };
		5B326DD015D2BACB00F5A6FC /* TableCell.m in Sources */ = {isa = PBXBuildFile; fileRef = 5B326DCF15D2BACB00F5A6FC /* TableCell.m */; };
		5B8F726215D2D57900E2B7F6 /* AddTableController.m in Sources */ = {isa = PBXBuildFile; fileRef = 5B8F726115D2D57900E2B7F6 /* AddTableController.m */; };
		5B8F727115D2F5A900E2B7F6 /* TableDetailViewController.m in Sources */ = {isa = PBXBuildFile; fileRef = 5B8F727015D2F5A900E2B7F6 /* TableDetailViewController.m */; };
		5B8F727415D2FECD00E2B7F6 /* Item.m in Sources */ = {isa = PBXBuildFile; fileRef = 5B8F727315D2FECD00E2B7F6 /* Item.m */; };
		5B8F727715D3006E00E2B7F6 /* Food.m in Sources */ = {isa = PBXBuildFile; fileRef = 5B8F727615D3006E00E2B7F6 /* Food.m */; };
		5B8F727A15D3034700E2B7F6 /* Drink.m in Sources */ = {isa = PBXBuildFile; fileRef = 5B8F727915D3034700E2B7F6 /* Drink.m */; };
		5B8F728015D305B900E2B7F6 /* AddItemViewController.m in Sources */ = {isa = PBXBuildFile; fileRef = 5B8F727F15D305B900E2B7F6 /* AddItemViewController.m */; };
		5B8F728315D3083100E2B7F6 /* AddFoodViewController.m in Sources */ = {isa = PBXBuildFile; fileRef = 5B8F728215D3083100E2B7F6 /* AddFoodViewController.m */; };
/* End PBXBuildFile section */

/* Begin PBXFileReference section */
		5B2951D715D40D0D0076E6CD /* ItemCell.h */ = {isa = PBXFileReference; fileEncoding = 4; lastKnownFileType = sourcecode.c.h; path = ItemCell.h; sourceTree = "<group>"; };
		5B2951D815D40D0D0076E6CD /* ItemCell.m */ = {isa = PBXFileReference; fileEncoding = 4; lastKnownFileType = sourcecode.c.objc; path = ItemCell.m; sourceTree = "<group>"; };
		5B2951DE15D412F00076E6CD /* ItemTableView.h */ = {isa = PBXFileReference; fileEncoding = 4; lastKnownFileType = sourcecode.c.h; name = ItemTableView.h; path = ../ItemTableView.h; sourceTree = "<group>"; };
		5B2951DF15D412F00076E6CD /* ItemTableView.m */ = {isa = PBXFileReference; fileEncoding = 4; lastKnownFileType = sourcecode.c.objc; name = ItemTableView.m; path = ../ItemTableView.m; sourceTree = "<group>"; };
		5B2951E115D41E120076E6CD /* OrderCell.h */ = {isa = PBXFileReference; fileEncoding = 4; lastKnownFileType = sourcecode.c.h; path = OrderCell.h; sourceTree = "<group>"; };
		5B2951E215D41E120076E6CD /* OrderCell.m */ = {isa = PBXFileReference; fileEncoding = 4; lastKnownFileType = sourcecode.c.objc; path = OrderCell.m; sourceTree = "<group>"; };
		5B326D9F15D2ADF200F5A6FC /* Menu.app */ = {isa = PBXFileReference; explicitFileType = wrapper.application; includeInIndex = 0; path = Menu.app; sourceTree = BUILT_PRODUCTS_DIR; };
		5B326DA315D2ADF200F5A6FC /* UIKit.framework */ = {isa = PBXFileReference; lastKnownFileType = wrapper.framework; name = UIKit.framework; path = System/Library/Frameworks/UIKit.framework; sourceTree = SDKROOT; };
		5B326DA515D2ADF200F5A6FC /* Foundation.framework */ = {isa = PBXFileReference; lastKnownFileType = wrapper.framework; name = Foundation.framework; path = System/Library/Frameworks/Foundation.framework; sourceTree = SDKROOT; };
		5B326DA715D2ADF200F5A6FC /* CoreGraphics.framework */ = {isa = PBXFileReference; lastKnownFileType = wrapper.framework; name = CoreGraphics.framework; path = System/Library/Frameworks/CoreGraphics.framework; sourceTree = SDKROOT; };
		5B326DAB15D2ADF200F5A6FC /* Menu-Info.plist */ = {isa = PBXFileReference; lastKnownFileType = text.plist.xml; path = "Menu-Info.plist"; sourceTree = "<group>"; };
		5B326DAD15D2ADF200F5A6FC /* en */ = {isa = PBXFileReference; lastKnownFileType = text.plist.strings; name = en; path = en.lproj/InfoPlist.strings; sourceTree = "<group>"; };
		5B326DAF15D2ADF200F5A6FC /* main.m */ = {isa = PBXFileReference; lastKnownFileType = sourcecode.c.objc; path = main.m; sourceTree = "<group>"; };
		5B326DB115D2ADF200F5A6FC /* Menu-Prefix.pch */ = {isa = PBXFileReference; lastKnownFileType = sourcecode.c.h; path = "Menu-Prefix.pch"; sourceTree = "<group>"; };
		5B326DB215D2ADF200F5A6FC /* AppDelegate.h */ = {isa = PBXFileReference; lastKnownFileType = sourcecode.c.h; path = AppDelegate.h; sourceTree = "<group>"; };
		5B326DB315D2ADF200F5A6FC /* AppDelegate.m */ = {isa = PBXFileReference; lastKnownFileType = sourcecode.c.objc; path = AppDelegate.m; sourceTree = "<group>"; };
		5B326DB615D2ADF200F5A6FC /* en */ = {isa = PBXFileReference; lastKnownFileType = file.storyboard; name = en; path = en.lproj/MainStoryboard.storyboard; sourceTree = "<group>"; };
		5B326DB815D2ADF200F5A6FC /* ViewController.h */ = {isa = PBXFileReference; lastKnownFileType = sourcecode.c.h; path = ViewController.h; sourceTree = "<group>"; };
		5B326DB915D2ADF200F5A6FC /* ViewController.m */ = {isa = PBXFileReference; lastKnownFileType = sourcecode.c.objc; path = ViewController.m; sourceTree = "<group>"; };
		5B326DC815D2B1DE00F5A6FC /* GuestTable.h */ = {isa = PBXFileReference; fileEncoding = 4; lastKnownFileType = sourcecode.c.h; path = GuestTable.h; sourceTree = "<group>"; };
		5B326DC915D2B1DE00F5A6FC /* GuestTable.m */ = {isa = PBXFileReference; fileEncoding = 4; lastKnownFileType = sourcecode.c.objc; path = GuestTable.m; sourceTree = "<group>"; };
		5B326DCE15D2BACB00F5A6FC /* TableCell.h */ = {isa = PBXFileReference; fileEncoding = 4; lastKnownFileType = sourcecode.c.h; path = TableCell.h; sourceTree = "<group>"; };
		5B326DCF15D2BACB00F5A6FC /* TableCell.m */ = {isa = PBXFileReference; fileEncoding = 4; lastKnownFileType = sourcecode.c.objc; path = TableCell.m; sourceTree = "<group>"; };
		5B8F726015D2D57900E2B7F6 /* AddTableController.h */ = {isa = PBXFileReference; fileEncoding = 4; lastKnownFileType = sourcecode.c.h; path = AddTableController.h; sourceTree = "<group>"; };
		5B8F726115D2D57900E2B7F6 /* AddTableController.m */ = {isa = PBXFileReference; fileEncoding = 4; lastKnownFileType = sourcecode.c.objc; path = AddTableController.m; sourceTree = "<group>"; };
		5B8F726F15D2F5A900E2B7F6 /* TableDetailViewController.h */ = {isa = PBXFileReference; fileEncoding = 4; lastKnownFileType = sourcecode.c.h; path = TableDetailViewController.h; sourceTree = "<group>"; };
		5B8F727015D2F5A900E2B7F6 /* TableDetailViewController.m */ = {isa = PBXFileReference; fileEncoding = 4; lastKnownFileType = sourcecode.c.objc; path = TableDetailViewController.m; sourceTree = "<group>"; };
		5B8F727215D2FECC00E2B7F6 /* Item.h */ = {isa = PBXFileReference; fileEncoding = 4; lastKnownFileType = sourcecode.c.h; path = Item.h; sourceTree = "<group>"; };
		5B8F727315D2FECD00E2B7F6 /* Item.m */ = {isa = PBXFileReference; fileEncoding = 4; lastKnownFileType = sourcecode.c.objc; path = Item.m; sourceTree = "<group>"; };
		5B8F727515D3006E00E2B7F6 /* Food.h */ = {isa = PBXFileReference; fileEncoding = 4; lastKnownFileType = sourcecode.c.h; path = Food.h; sourceTree = "<group>"; };
		5B8F727615D3006E00E2B7F6 /* Food.m */ = {isa = PBXFileReference; fileEncoding = 4; lastKnownFileType = sourcecode.c.objc; path = Food.m; sourceTree = "<group>"; };
		5B8F727815D3034700E2B7F6 /* Drink.h */ = {isa = PBXFileReference; fileEncoding = 4; lastKnownFileType = sourcecode.c.h; path = Drink.h; sourceTree = "<group>"; };
		5B8F727915D3034700E2B7F6 /* Drink.m */ = {isa = PBXFileReference; fileEncoding = 4; lastKnownFileType = sourcecode.c.objc; path = Drink.m; sourceTree = "<group>"; };
		5B8F727E15D305B900E2B7F6 /* AddItemViewController.h */ = {isa = PBXFileReference; fileEncoding = 4; lastKnownFileType = sourcecode.c.h; path = AddItemViewController.h; sourceTree = "<group>"; };
		5B8F727F15D305B900E2B7F6 /* AddItemViewController.m */ = {isa = PBXFileReference; fileEncoding = 4; lastKnownFileType = sourcecode.c.objc; path = AddItemViewController.m; sourceTree = "<group>"; };
		5B8F728115D3083100E2B7F6 /* AddFoodViewController.h */ = {isa = PBXFileReference; fileEncoding = 4; lastKnownFileType = sourcecode.c.h; path = AddFoodViewController.h; sourceTree = "<group>"; };
		5B8F728215D3083100E2B7F6 /* AddFoodViewController.m */ = {isa = PBXFileReference; fileEncoding = 4; lastKnownFileType = sourcecode.c.objc; path = AddFoodViewController.m; sourceTree = "<group>"; };
/* End PBXFileReference section */

/* Begin PBXFrameworksBuildPhase section */
		5B326D9C15D2ADF200F5A6FC /* Frameworks */ = {
			isa = PBXFrameworksBuildPhase;
			buildActionMask = 2147483647;
			files = (
				5B326DA415D2ADF200F5A6FC /* UIKit.framework in Frameworks */,
				5B326DA615D2ADF200F5A6FC /* Foundation.framework in Frameworks */,
				5B326DA815D2ADF200F5A6FC /* CoreGraphics.framework in Frameworks */,
			);
			runOnlyForDeploymentPostprocessing = 0;
		};
/* End PBXFrameworksBuildPhase section */

/* Begin PBXGroup section */
		5B326D9415D2ADF200F5A6FC = {
			isa = PBXGroup;
			children = (
				5B326DA915D2ADF200F5A6FC /* Menu */,
				5B326DA215D2ADF200F5A6FC /* Frameworks */,
				5B326DA015D2ADF200F5A6FC /* Products */,
			);
			sourceTree = "<group>";
		};
		5B326DA015D2ADF200F5A6FC /* Products */ = {
			isa = PBXGroup;
			children = (
				5B326D9F15D2ADF200F5A6FC /* Menu.app */,
			);
			name = Products;
			sourceTree = "<group>";
		};
		5B326DA215D2ADF200F5A6FC /* Frameworks */ = {
			isa = PBXGroup;
			children = (
				5B326DA315D2ADF200F5A6FC /* UIKit.framework */,
				5B326DA515D2ADF200F5A6FC /* Foundation.framework */,
				5B326DA715D2ADF200F5A6FC /* CoreGraphics.framework */,
			);
			name = Frameworks;
			sourceTree = "<group>";
		};
		5B326DA915D2ADF200F5A6FC /* Menu */ = {
			isa = PBXGroup;
			children = (
				5B8F726015D2D57900E2B7F6 /* AddTableController.h */,
				5B8F726115D2D57900E2B7F6 /* AddTableController.m */,
				5B8F728115D3083100E2B7F6 /* AddFoodViewController.h */,
				5B8F728215D3083100E2B7F6 /* AddFoodViewController.m */,
				5B326DB215D2ADF200F5A6FC /* AppDelegate.h */,
				5B326DB315D2ADF200F5A6FC /* AppDelegate.m */,
				5B326DB515D2ADF200F5A6FC /* MainStoryboard.storyboard */,
				5B2951E115D41E120076E6CD /* OrderCell.h */,
				5B2951E215D41E120076E6CD /* OrderCell.m */,
				5B8F727215D2FECC00E2B7F6 /* Item.h */,
				5B8F727315D2FECD00E2B7F6 /* Item.m */,
				5B8F727E15D305B900E2B7F6 /* AddItemViewController.h */,
				5B8F727F15D305B900E2B7F6 /* AddItemViewController.m */,
				5B8F727515D3006E00E2B7F6 /* Food.h */,
				5B8F727615D3006E00E2B7F6 /* Food.m */,
				5B8F727815D3034700E2B7F6 /* Drink.h */,
				5B8F727915D3034700E2B7F6 /* Drink.m */,
				5B2951DE15D412F00076E6CD /* ItemTableView.h */,
				5B2951DF15D412F00076E6CD /* ItemTableView.m */,
				5B8F726F15D2F5A900E2B7F6 /* TableDetailViewController.h */,
				5B8F727015D2F5A900E2B7F6 /* TableDetailViewController.m */,
				5B326DC815D2B1DE00F5A6FC /* GuestTable.h */,
				5B326DC915D2B1DE00F5A6FC /* GuestTable.m */,
				5B326DB815D2ADF200F5A6FC /* ViewController.h */,
				5B326DB915D2ADF200F5A6FC /* ViewController.m */,
				5B326DCE15D2BACB00F5A6FC /* TableCell.h */,
				5B326DCF15D2BACB00F5A6FC /* TableCell.m */,
				5B2951D715D40D0D0076E6CD /* ItemCell.h */,
				5B2951D815D40D0D0076E6CD /* ItemCell.m */,
				5B326DAA15D2ADF200F5A6FC /* Supporting Files */,
			);
			path = Menu;
			sourceTree = "<group>";
		};
		5B326DAA15D2ADF200F5A6FC /* Supporting Files */ = {
			isa = PBXGroup;
			children = (
				5B326DAB15D2ADF200F5A6FC /* Menu-Info.plist */,
				5B326DAC15D2ADF200F5A6FC /* InfoPlist.strings */,
				5B326DAF15D2ADF200F5A6FC /* main.m */,
				5B326DB115D2ADF200F5A6FC /* Menu-Prefix.pch */,
			);
			name = "Supporting Files";
			sourceTree = "<group>";
		};
/* End PBXGroup section */

/* Begin PBXNativeTarget section */
		5B326D9E15D2ADF200F5A6FC /* Menu */ = {
			isa = PBXNativeTarget;
			buildConfigurationList = 5B326DBD15D2ADF300F5A6FC /* Build configuration list for PBXNativeTarget "Menu" */;
			buildPhases = (
				5B326D9B15D2ADF200F5A6FC /* Sources */,
				5B326D9C15D2ADF200F5A6FC /* Frameworks */,
				5B326D9D15D2ADF200F5A6FC /* Resources */,
			);
			buildRules = (
			);
			dependencies = (
			);
			name = Menu;
			productName = Menu;
			productReference = 5B326D9F15D2ADF200F5A6FC /* Menu.app */;
			productType = "com.apple.product-type.application";
		};
/* End PBXNativeTarget section */

/* Begin PBXProject section */
		5B326D9615D2ADF200F5A6FC /* Project object */ = {
			isa = PBXProject;
			attributes = {
				LastUpgradeCheck = 0430;
			};
			buildConfigurationList = 5B326D9915D2ADF200F5A6FC /* Build configuration list for PBXProject "Menu" */;
			compatibilityVersion = "Xcode 3.2";
			developmentRegion = English;
			hasScannedForEncodings = 0;
			knownRegions = (
				en,
			);
			mainGroup = 5B326D9415D2ADF200F5A6FC;
			productRefGroup = 5B326DA015D2ADF200F5A6FC /* Products */;
			projectDirPath = "";
			projectRoot = "";
			targets = (
				5B326D9E15D2ADF200F5A6FC /* Menu */,
			);
		};
/* End PBXProject section */

/* Begin PBXResourcesBuildPhase section */
		5B326D9D15D2ADF200F5A6FC /* Resources */ = {
			isa = PBXResourcesBuildPhase;
			buildActionMask = 2147483647;
			files = (
				5B326DAE15D2ADF200F5A6FC /* InfoPlist.strings in Resources */,
				5B326DB715D2ADF200F5A6FC /* MainStoryboard.storyboard in Resources */,
			);
			runOnlyForDeploymentPostprocessing = 0;
		};
/* End PBXResourcesBuildPhase section */

/* Begin PBXSourcesBuildPhase section */
		5B326D9B15D2ADF200F5A6FC /* Sources */ = {
			isa = PBXSourcesBuildPhase;
			buildActionMask = 2147483647;
			files = (
				5B326DB015D2ADF200F5A6FC /* main.m in Sources */,
				5B326DB415D2ADF200F5A6FC /* AppDelegate.m in Sources */,
				5B326DBA15D2ADF200F5A6FC /* ViewController.m in Sources */,
				5B326DCA15D2B1DE00F5A6FC /* GuestTable.m in Sources */,
				5B326DD015D2BACB00F5A6FC /* TableCell.m in Sources */,
				5B8F726215D2D57900E2B7F6 /* AddTableController.m in Sources */,
				5B8F727115D2F5A900E2B7F6 /* TableDetailViewController.m in Sources */,
				5B8F727415D2FECD00E2B7F6 /* Item.m in Sources */,
				5B8F727715D3006E00E2B7F6 /* Food.m in Sources */,
				5B8F727A15D3034700E2B7F6 /* Drink.m in Sources */,
				5B8F728015D305B900E2B7F6 /* AddItemViewController.m in Sources */,
				5B8F728315D3083100E2B7F6 /* AddFoodViewController.m in Sources */,
				5B2951D915D40D0D0076E6CD /* ItemCell.m in Sources */,
				5B2951E015D412F00076E6CD /* ItemTableView.m in Sources */,
				5B2951E315D41E120076E6CD /* OrderCell.m in Sources */,
			);
			runOnlyForDeploymentPostprocessing = 0;
		};
/* End PBXSourcesBuildPhase section */

/* Begin PBXVariantGroup section */
		5B326DAC15D2ADF200F5A6FC /* InfoPlist.strings */ = {
			isa = PBXVariantGroup;
			children = (
				5B326DAD15D2ADF200F5A6FC /* en */,
			);
			name = InfoPlist.strings;
			sourceTree = "<group>";
		};
		5B326DB515D2ADF200F5A6FC /* MainStoryboard.storyboard */ = {
			isa = PBXVariantGroup;
			children = (
				5B326DB615D2ADF200F5A6FC /* en */,
			);
			name = MainStoryboard.storyboard;
			sourceTree = "<group>";
		};
/* End PBXVariantGroup section */

/* Begin XCBuildConfiguration section */
		5B326DBB15D2ADF200F5A6FC /* Debug */ = {
			isa = XCBuildConfiguration;
			buildSettings = {
				ALWAYS_SEARCH_USER_PATHS = NO;
				ARCHS = "$(ARCHS_STANDARD_32_BIT)";
				CLANG_ENABLE_OBJC_ARC = YES;
				"CODE_SIGN_IDENTITY[sdk=iphoneos*]" = "iPhone Developer";
				COPY_PHASE_STRIP = NO;
				GCC_C_LANGUAGE_STANDARD = gnu99;
				GCC_DYNAMIC_NO_PIC = NO;
				GCC_OPTIMIZATION_LEVEL = 0;
				GCC_PREPROCESSOR_DEFINITIONS = (
					"DEBUG=1",
					"$(inherited)",
				);
				GCC_SYMBOLS_PRIVATE_EXTERN = NO;
				GCC_VERSION = com.apple.compilers.llvm.clang.1_0;
				GCC_WARN_ABOUT_RETURN_TYPE = YES;
				GCC_WARN_UNINITIALIZED_AUTOS = YES;
				GCC_WARN_UNUSED_VARIABLE = YES;
				IPHONEOS_DEPLOYMENT_TARGET = 5.1;
				SDKROOT = iphoneos;
			};
			name = Debug;
		};
		5B326DBC15D2ADF200F5A6FC /* Release */ = {
			isa = XCBuildConfiguration;
			buildSettings = {
				ALWAYS_SEARCH_USER_PATHS = NO;
				ARCHS = "$(ARCHS_STANDARD_32_BIT)";
				CLANG_ENABLE_OBJC_ARC = YES;
				"CODE_SIGN_IDENTITY[sdk=iphoneos*]" = "iPhone Developer";
				COPY_PHASE_STRIP = YES;
				GCC_C_LANGUAGE_STANDARD = gnu99;
				GCC_VERSION = com.apple.compilers.llvm.clang.1_0;
				GCC_WARN_ABOUT_RETURN_TYPE = YES;
				GCC_WARN_UNINITIALIZED_AUTOS = YES;
				GCC_WARN_UNUSED_VARIABLE = YES;
				IPHONEOS_DEPLOYMENT_TARGET = 5.1;
				OTHER_CFLAGS = "-DNS_BLOCK_ASSERTIONS=1";
				SDKROOT = iphoneos;
				VALIDATE_PRODUCT = YES;
			};
			name = Release;
		};
		5B326DBE15D2ADF300F5A6FC /* Debug */ = {
			isa = XCBuildConfiguration;
			buildSettings = {
				GCC_PRECOMPILE_PREFIX_HEADER = YES;
				GCC_PREFIX_HEADER = "Menu/Menu-Prefix.pch";
				INFOPLIST_FILE = "Menu/Menu-Info.plist";
				PRODUCT_NAME = "$(TARGET_NAME)";
				WRAPPER_EXTENSION = app;
			};
			name = Debug;
		};
		5B326DBF15D2ADF300F5A6FC /* Release */ = {
			isa = XCBuildConfiguration;
			buildSettings = {
				GCC_PRECOMPILE_PREFIX_HEADER = YES;
				GCC_PREFIX_HEADER = "Menu/Menu-Prefix.pch";
				INFOPLIST_FILE = "Menu/Menu-Info.plist";
				PRODUCT_NAME = "$(TARGET_NAME)";
				WRAPPER_EXTENSION = app;
			};
			name = Release;
		};
/* End XCBuildConfiguration section */

/* Begin XCConfigurationList section */
		5B326D9915D2ADF200F5A6FC /* Build configuration list for PBXProject "Menu" */ = {
			isa = XCConfigurationList;
			buildConfigurations = (
				5B326DBB15D2ADF200F5A6FC /* Debug */,
				5B326DBC15D2ADF200F5A6FC /* Release */,
			);
			defaultConfigurationIsVisible = 0;
			defaultConfigurationName = Release;
		};
		5B326DBD15D2ADF300F5A6FC /* Build configuration list for PBXNativeTarget "Menu" */ = {
			isa = XCConfigurationList;
			buildConfigurations = (
				5B326DBE15D2ADF300F5A6FC /* Debug */,
				5B326DBF15D2ADF300F5A6FC /* Release */,
			);
			defaultConfigurationIsVisible = 0;
			defaultConfigurationName = Release;
		};
/* End XCConfigurationList section */
	};
	rootObject = 5B326D9615D2ADF200F5A6FC /* Project object */;
}
